<?xml version="1.0" encoding="utf-8"?>
<Project ToolsVersion="4.0" xmlns="http://schemas.microsoft.com/developer/msbuild/2003">
  <ItemGroup>
    <Filter Include="Header Files">
      <UniqueIdentifier>{93995380-89BD-4b04-88EB-625FBE52EBFB}</UniqueIdentifier>
      <Extensions>h;hh;hpp;hxx;hm;inl;inc;ipp;xsd</Extensions>
    </Filter>
    <Filter Include="Resource Files">
      <UniqueIdentifier>{67DA6AB6-F800-4c08-8B7A-83BB121AAD01}</UniqueIdentifier>
      <Extensions>rc;ico;cur;bmp;dlg;rc2;rct;bin;rgs;gif;jpg;jpeg;jpe;resx;tiff;tif;png;wav;mfcribbon-ms</Extensions>
    </Filter>
    <Filter Include="Header Files\Other">
      <UniqueIdentifier>{914b8f3a-3281-47a3-a4a6-becefe245617}</UniqueIdentifier>
    </Filter>
    <Filter Include="Header Files\Logic">
      <UniqueIdentifier>{2fd526e4-2af2-4881-ac01-8a2f59d0eb7b}</UniqueIdentifier>
    </Filter>
    <Filter Include="Header Files\Presentation">
      <UniqueIdentifier>{6cb727b0-a60f-4c72-8117-ec13cca885b3}</UniqueIdentifier>
    </Filter>
    <Filter Include="Deprecated">
      <UniqueIdentifier>{8e9fbf40-843c-41ec-829d-d3d52792bb87}</UniqueIdentifier>
    </Filter>
    <Filter Include="Source Files">
      <UniqueIdentifier>{4FC737F1-C7A5-4376-A066-2A32D752A2FF}</UniqueIdentifier>
      <Extensions>cpp;c;cc;cxx;def;odl;idl;hpj;bat;asm;asmx</Extensions>
    </Filter>
    <Filter Include="Source Files\Other">
      <UniqueIdentifier>{88f9b769-aa26-4ef1-a899-f9a62b714924}</UniqueIdentifier>
    </Filter>
    <Filter Include="Source Files\Logic">
      <UniqueIdentifier>{8adc2bfc-5ec7-4512-b25e-03d071fa54c0}</UniqueIdentifier>
    </Filter>
    <Filter Include="Source Files\Presentation">
      <UniqueIdentifier>{da54de29-d221-4a69-89f0-b5249b14cadb}</UniqueIdentifier>
    </Filter>
    <Filter Include="Deprecated\Network">
      <UniqueIdentifier>{a5d5418e-08d6-4495-a406-06daf6dd79cd}</UniqueIdentifier>
    </Filter>
    <Filter Include="Deprecated\Network\Network">
      <UniqueIdentifier>{f232b768-10a4-43e1-b942-0b3d8fdf1720}</UniqueIdentifier>
    </Filter>
    <Filter Include="Deprecated\Input">
      <UniqueIdentifier>{08ce2675-8b6f-4af9-a03f-5060423b36b1}</UniqueIdentifier>
    </Filter>
    <Filter Include="Deprecated\Input\Input">
      <UniqueIdentifier>{69523fe4-2153-48f9-8fc4-767f3ce2b7b0}</UniqueIdentifier>
    </Filter>
    <Filter Include="Header Files\Console">
      <UniqueIdentifier>{edb562fa-51dc-463e-9935-ac21c0699b46}</UniqueIdentifier>
    </Filter>
    <Filter Include="Source Files\Console">
      <UniqueIdentifier>{62a75f9b-b8af-47b7-93ce-2a8ecc4f7ba9}</UniqueIdentifier>
    </Filter>
    <Filter Include="Header Files\Presentation\Console">
      <UniqueIdentifier>{cea0dd78-20cc-4e7b-b542-ec731cd539fe}</UniqueIdentifier>
    </Filter>
    <Filter Include="Header Files\Presentation\Abstract">
      <UniqueIdentifier>{2b7c44e3-ab28-483e-b93b-50797f05e438}</UniqueIdentifier>
    </Filter>
    <Filter Include="Header Files\Presentation\Abstract\View">
      <UniqueIdentifier>{8eb70a93-375b-44b9-bd4f-7ba038e1c521}</UniqueIdentifier>
    </Filter>
    <Filter Include="Source Files\Presentation\Console">
      <UniqueIdentifier>{03944fde-8591-4c94-8c47-6387311f1187}</UniqueIdentifier>
    </Filter>
    <Filter Include="Source Files\Console\XO">
      <UniqueIdentifier>{9731fcf5-0959-4bc5-ad73-8eabb5c2776c}</UniqueIdentifier>
    </Filter>
  </ItemGroup>
  <ItemGroup>
    <ClInclude Include="XOInput.h">
      <Filter>Deprecated\Input</Filter>
    </ClInclude>
    <ClInclude Include="pch.h">
      <Filter>Header Files\Other</Filter>
    </ClInclude>
    <ClInclude Include="XOApplication.h">
      <Filter>Header Files\Other</Filter>
    </ClInclude>
    <ClInclude Include="XOActionLogic.h">
      <Filter>Header Files\Logic</Filter>
    </ClInclude>
    <ClInclude Include="XOGameLogic.h">
      <Filter>Header Files\Logic</Filter>
    </ClInclude>
    <ClInclude Include="XOClient.h">
      <Filter>Deprecated\Network</Filter>
    </ClInclude>
    <ClInclude Include="XOViewManager.h">
      <Filter>Deprecated</Filter>
    </ClInclude>
    <ClInclude Include="TextConsolePlane.h">
      <Filter>Header Files\Console</Filter>
    </ClInclude>
    <ClInclude Include="AnimatedFileImagePlane.h">
      <Filter>Header Files\Console</Filter>
    </ClInclude>
    <ClInclude Include="AnimationChain.h">
      <Filter>Header Files\Console</Filter>
    </ClInclude>
    <ClInclude Include="ButtonPlane.h">
      <Filter>Header Files\Console</Filter>
    </ClInclude>
    <ClInclude Include="CenteredFramedPlane.h">
      <Filter>Header Files\Console</Filter>
    </ClInclude>
    <ClInclude Include="ChartReader.h">
      <Filter>Header Files\Console</Filter>
    </ClInclude>
    <ClInclude Include="Console.h">
      <Filter>Header Files\Console</Filter>
    </ClInclude>
    <ClInclude Include="FileImagePlane.h">
      <Filter>Header Files\Console</Filter>
    </ClInclude>
    <ClInclude Include="FramePlaneFrameCreator.h">
      <Filter>Header Files\Console</Filter>
    </ClInclude>
    <ClInclude Include="IAnimation.h">
      <Filter>Header Files\Console</Filter>
    </ClInclude>
    <ClInclude Include="IClickableConsolePlane.h">
      <Filter>Header Files\Console</Filter>
    </ClInclude>
    <ClInclude Include="IConsolePlane.h">
      <Filter>Header Files\Console</Filter>
    </ClInclude>
    <ClInclude Include="IntroAnimation.h">
      <Filter>Header Files\Console</Filter>
    </ClInclude>
    <ClInclude Include="IntroMenuAnimation.h">
      <Filter>Header Files\Console</Filter>
    </ClInclude>
    <ClInclude Include="MusicPlayer.h">
      <Filter>Header Files\Console</Filter>
    </ClInclude>
    <ClInclude Include="Note.h">
      <Filter>Header Files\Console</Filter>
    </ClInclude>
    <ClInclude Include="SuperWaveAnimation.h">
      <Filter>Header Files\Console</Filter>
    </ClInclude>
    <ClInclude Include="targetver.h">
      <Filter>Header Files\Console</Filter>
    </ClInclude>
    <ClInclude Include="testerror.h">
      <Filter>Header Files\Console</Filter>
    </ClInclude>
    <ClInclude Include="XOConsoleOutput.h">
      <Filter>Header Files\Presentation\Console</Filter>
    </ClInclude>
    <ClInclude Include="XOIView.h">
      <Filter>Header Files\Presentation\Abstract\View</Filter>
    </ClInclude>
    <ClInclude Include="XOViewElement.h">
      <Filter>Header Files\Presentation\Abstract\View</Filter>
    </ClInclude>
    <ClInclude Include="XOConsoleMenu.h">
      <Filter>Header Files\Presentation\Console</Filter>
    </ClInclude>
    <ClInclude Include="XOConsoleGameMap.h">
      <Filter>Header Files\Presentation\Console</Filter>
    </ClInclude>
    <ClInclude Include="XOIGameMap.h">
      <Filter>Header Files\Presentation\Abstract</Filter>
    </ClInclude>
    <ClInclude Include="XOIMenu.h">
      <Filter>Header Files\Presentation\Abstract</Filter>
    </ClInclude>
    <ClInclude Include="XOIOutput.h">
      <Filter>Header Files\Presentation\Abstract</Filter>
    </ClInclude>
    <ClInclude Include="Menu.h">
      <Filter>Deprecated</Filter>
    </ClInclude>
    <ClInclude Include="XOConsoleMapPlane.h">
      <Filter>Source Files\Console\XO</Filter>
    </ClInclude>
  </ItemGroup>
  <ItemGroup>
    <ClCompile Include="XOInput.cpp">
      <Filter>Deprecated\Input\Input</Filter>
    </ClCompile>
    <ClCompile Include="main.cpp">
      <Filter>Source Files\Other</Filter>
    </ClCompile>
    <ClCompile Include="pch.cpp">
      <Filter>Source Files\Other</Filter>
    </ClCompile>
    <ClCompile Include="XOApplication.cpp">
      <Filter>Source Files\Other</Filter>
    </ClCompile>
    <ClCompile Include="XOActionLogic.cpp">
      <Filter>Source Files\Logic</Filter>
    </ClCompile>
    <ClCompile Include="XOGameLogic.cpp">
      <Filter>Source Files\Logic</Filter>
    </ClCompile>
    <ClCompile Include="XOClient.cpp">
      <Filter>Deprecated\Network\Network</Filter>
    </ClCompile>
    <ClCompile Include="XOViewManager.cpp">
      <Filter>Deprecated</Filter>
    </ClCompile>
    <ClCompile Include="Source.cpp">
      <Filter>Deprecated</Filter>
    </ClCompile>
    <ClCompile Include="animatedfileimageplane.cpp">
      <Filter>Source Files\Console</Filter>
    </ClCompile>
    <ClCompile Include="animationchain.cpp">
      <Filter>Source Files\Console</Filter>
    </ClCompile>
    <ClCompile Include="ButtonPlane.cpp">
      <Filter>Source Files\Console</Filter>
    </ClCompile>
    <ClCompile Include="CenteredFramedPlane.cpp">
      <Filter>Source Files\Console</Filter>
    </ClCompile>
    <ClCompile Include="ChartReader.cpp">
      <Filter>Source Files\Console</Filter>
    </ClCompile>
    <ClCompile Include="Console.cpp">
      <Filter>Source Files\Console</Filter>
    </ClCompile>
    <ClCompile Include="ConsoleAnimationTest.cpp">
      <Filter>Source Files\Console</Filter>
    </ClCompile>
    <ClCompile Include="FileImagePlane.cpp">
      <Filter>Source Files\Console</Filter>
    </ClCompile>
    <ClCompile Include="FramePlaneFrameCreator.cpp">
      <Filter>Source Files\Console</Filter>
    </ClCompile>
    <ClCompile Include="IntroAnimation.cpp">
      <Filter>Source Files\Console</Filter>
    </ClCompile>
    <ClCompile Include="IntroMenuAnimation.cpp">
      <Filter>Source Files\Console</Filter>
    </ClCompile>
    <ClCompile Include="MusicPlayer.cpp">
      <Filter>Source Files\Console</Filter>
    </ClCompile>
    <ClCompile Include="Note.cpp">
      <Filter>Source Files\Console</Filter>
    </ClCompile>
    <ClCompile Include="SuperWaveAnimation.cpp">
      <Filter>Source Files\Console</Filter>
    </ClCompile>
    <ClCompile Include="TextConsolePlane.cpp">
      <Filter>Source Files\Console</Filter>
    </ClCompile>
    <ClCompile Include="XOConsoleOutput.cpp">
      <Filter>Source Files\Presentation\Console</Filter>
    </ClCompile>
    <ClCompile Include="XOConsoleMenu.cpp">
      <Filter>Source Files\Presentation\Console</Filter>
    </ClCompile>
    <ClCompile Include="XOConsoleGameMap.cpp">
      <Filter>Source Files\Presentation\Console</Filter>
    </ClCompile>
    <ClCompile Include="Menu.cpp">
      <Filter>Deprecated</Filter>
    </ClCompile>
    <ClCompile Include="XOConsoleMapPlane.cpp">
      <Filter>Source Files\Console\XO</Filter>
    </ClCompile>
  </ItemGroup>
</Project>